# This file is automatically @generated by Cargo.
# It is not intended for manual editing.
version = 4

[[package]]
name = "adler2"
version = "2.0.1"
source = "registry+https://github.com/rust-lang/crates.io-index"
checksum = "320119579fcad9c21884f5c4861d16174d0e06250625266f50fe6898340abefa"

[[package]]
name = "aho-corasick"
version = "1.1.5"
source = "registry+https://github.com/rust-lang/crates.io-index"
checksum = "c982642fa9e8606056828ee9a8505737230110bb1099153c79efe865c59d12ba"
dependencies = [
 "memchr",
]

[[package]]
name = "anstyle"
version = "1.0.14"
source = "registry+https://github.com/rust-lang/crates.io-index"
checksum = "940b3a0ca603d1eade50a4846a2afffd5ef57a9feac2c0e2ec2e14f9ead76000"

[[package]]
name = "arboard"
version = "3.6.1"
source = "registry+https://github.com/rust-lang/crates.io-index"
checksum = "0348a1c054491f4bfe6ab86a7b6ab1e44e45d899005de92f58b3df180b36ddaf"
dependencies = [
 "clipboard-win",
 "image",
 "log",
 "objc2",
 "objc2-app-kit",
 "objc2-core-foundation",
 "objc2-core-graphics",
 "objc2-foundation",
 "parking_lot",
 "percent-encoding",
 "windows-sys 0.59.0",
 "x11rb",
]

[[package]]
name = "autocfg"
version = "1.5.1"
source = "registry+https://github.com/rust-lang/crates.io-index"
checksum = "f2032f911046de80f0a198e0901378627c33f59ea0ac00e363d481118bd70a53"

[[package]]
name = "bitflags"
version = "2.13.1"
source = "registry+https://github.com/rust-lang/crates.io-index"
checksum = "b588b76d00fde79687d7646a9b5bdf3cc0f655e0bbd080335a95d7e96f3587da"

[[package]]
name = "bytemuck"
version = "1.25.2"
source = "registry+https://github.com/rust-lang/crates.io-index"
checksum = "95832e849adfb21180ccb6826a99da14e5d266ae5c2e668e1602cf234f153797"

[[package]]
name = "byteorder-lite"
version = "0.1.0"
source = "registry+https://github.com/rust-lang/crates.io-index"
checksum = "8f1fe948ff07f4bd06c30984e69f5b4899c516a3ef74f34df92a2df2ab535495"

[[package]]
name = "cc"
version = "1.4.5"
source = "registry+https://github.com/rust-lang/crates.io-index"
checksum = "005ec2760ca554fae18df7a11195552ec576cd665632a881bc011d5bb2fd4d80"
dependencies = [
 "find-msvc-tools",
 "shlex",
]

[[package]]
name = "cfg-if"
version = "1.0.4"
source = "registry+https://github.com/rust-lang/crates.io-index"
checksum = "9330f8b2ff13f34540b44e946ef35111825727b38d33286ef986142615121801"

[[package]]
name = "clap"
version = "4.6.6"
source = "registry+https://github.com/rust-lang/crates.io-index"
checksum = "473c7e07f409a8d772161724aa8db6a765a2532a70f9667eeb7b49d3d02fbdca"
dependencies = [
 "clap_builder",
 "clap_derive",
]

[[package]]
name = "clap_builder"
version = "4.6.6"
source = "registry+https://github.com/rust-lang/crates.io-index"
checksum = "7b48fea5a88e9ae728a2dcbedbfc0e730f7d60da42e1cb049a83c9fb8b789889"
dependencies = [
 "anstyle",
 "clap_lex",
]

[[package]]
name = "clap_derive"
version = "4.6.4"
source = "registry+https://github.com/rust-lang/crates.io-index"
checksum = "d012d2b9d65aca7f18f4d9878a045bc17899bba951561ba5ec3c2ba1eed9a061"
dependencies = [
 "heck",
 "proc-macro2",
 "quote",
 "syn 3.0.4",
]

[[package]]
name = "clap_lex"
version = "1.1.0"
source = "registry+https://github.com/rust-lang/crates.io-index"
checksum = "c8d4a3bb8b1e0c1050499d1815f5ab16d04f0959b233085fb31653fbfc9d98f9"

[[package]]
name = "clipboard-win"
version = "5.4.1"
source = "registry+https://github.com/rust-lang/crates.io-index"
checksum = "bde03770d3df201d4fb868f2c9c59e66a3e4e2bd06692a0fe701e7103c7e84d4"
dependencies = [
 "error-code",
]

[[package]]
name = "crc32fast"
version = "1.5.1"
source = "registry+https://github.com/rust-lang/crates.io-index"
checksum = "8498c871161e1742aaa9d52551b2d6ebdd4c3d45a3be423e3728f33b955be550"
dependencies = [
 "cfg-if",
]

[[package]]
name = "crunchy"
version = "0.2.4"
source = "registry+https://github.com/rust-lang/crates.io-index"
checksum = "460fbee9c2c2f33933d720630a6a0bac33ba7053db5344fac858d4b8952d77d5"

[[package]]
name = "dataview"
version = "1.0.2"
source = "registry+https://github.com/rust-lang/crates.io-index"
checksum = "daba87f72c730b508641c9fb6411fc9bba73939eed2cab611c399500511880d0"
dependencies = [
 "derive_pod",
]

[[package]]
name = "derive_pod"
version = "0.1.2"
source = "registry+https://github.com/rust-lang/crates.io-index"
checksum = "c2ea6706d74fca54e15f1d40b5cf7fe7f764aaec61352a9fcec58fe27e042fc8"

[[package]]
name = "dispatch2"
version = "0.3.1"
source = "registry+https://github.com/rust-lang/crates.io-index"
checksum = "1e0e367e4e7da84520dedcac1901e4da967309406d1e51017ae1abfb97adbd38"
dependencies = [
 "bitflags",
 "objc2",
]

[[package]]
name = "displaydoc"
version = "0.2.7"
source = "registry+https://github.com/rust-lang/crates.io-index"
checksum = "c6232dd377dcc64799954cbd3a9bb882e9cdc1308ccd87b1c098f1fb2eaf82a8"
dependencies = [
 "proc-macro2",
 "quote",
 "syn 3.0.4",
]

[[package]]
name = "embed-resource"
version = "3.0.11"
source = "registry+https://github.com/rust-lang/crates.io-index"
checksum = "fbfdaacccebec3b28e4866b8973543c7647797db5ada1bdab552e48fe665fbbd"
dependencies = [
 "cc",
 "memchr",
 "rustc_version",
 "toml 1.1.5+spec-1.1.0",
 "vswhom",
 "winreg 0.55.0",
]

[[package]]
name = "equivalent"
version = "1.0.2"
source = "registry+https://github.com/rust-lang/crates.io-index"
checksum = "877a4ace8713b0bcf2a4e7eec82529c029f1d0619886d18145fea96c3ffe5c0f"

[[package]]
name = "errno"
version = "0.3.14"
source = "registry+https://github.com/rust-lang/crates.io-index"
checksum = "39cab71617ae0d63f51a36d69f866391735b51691dbda63cf6f96d042b63efeb"
dependencies = [
 "libc",
 "windows-sys 0.61.2",
]

[[package]]
name = "error-code"
version = "3.4.0"
source = "registry+https://github.com/rust-lang/crates.io-index"
checksum = "0b5343afd4a8365a643ac588dab4cf234a190c7f6c88c9f6dd6ffe00837661b7"

[[package]]
name = "fax"
version = "0.2.7"
source = "registry+https://github.com/rust-lang/crates.io-index"
checksum = "caf1079563223d5d59d83c85886a56e586cfd5c1a26292e971a0fa266531ac5a"

[[package]]
name = "fdeflate"
version = "0.3.7"
source = "registry+https://github.com/rust-lang/crates.io-index"
checksum = "1e6853b52649d4ac5c0bd02320cddc5ba956bdb407c4b75a2c6b75bf51500f8c"
dependencies = [
 "simd-adler32",
]

[[package]]
name = "find-msvc-tools"
version = "0.1.12"
source = "registry+https://github.com/rust-lang/crates.io-index"
checksum = "3e0f1c7c3a72c66fd80abe965175f7523475c0489a87d3ff9d6e8c87d87a9d2d"

[[package]]
name = "flate2"
version = "1.1.10"
source = "registry+https://github.com/rust-lang/crates.io-index"
checksum = "6e634e2e0ebac1ee034020da1ca582e17ffe4e0f5e985823721e168928136dcb"
dependencies = [
 "crc32fast",
 "miniz_oxide 0.9.1",
 "zlib-rs",
]

[[package]]
name = "fluent-bundle"
version = "0.15.3"
source = "registry+https://github.com/rust-lang/crates.io-index"
checksum = "7fe0a21ee80050c678013f82edf4b705fe2f26f1f9877593d13198612503f493"
dependencies = [
 "fluent-langneg",
 "fluent-syntax",
 "intl-memoizer",
 "intl_pluralrules",
 "rustc-hash 1.1.0",
 "self_cell 0.10.3",
 "smallvec",
 "unic-langid",
]

[[package]]
name = "fluent-langneg"
version = "0.13.1"
source = "registry+https://github.com/rust-lang/crates.io-index"
checksum = "7eebbe59450baee8282d71676f3bfed5689aeab00b27545e83e5f14b1195e8b0"
dependencies = [
 "unic-langid",
]

[[package]]
name = "fluent-syntax"
version = "0.11.1"
source = "registry+https://github.com/rust-lang/crates.io-index"
checksum = "2a530c4694a6a8d528794ee9bbd8ba0122e779629ac908d15ad5a7ae7763a33d"
dependencies = [
 "thiserror",
]

[[package]]
name = "gethostname"
version = "1.1.0"
source = "registry+https://github.com/rust-lang/crates.io-index"
checksum = "1bd49230192a3797a9a4d6abe9b3eed6f7fa4c8a8a4947977c6f80025f92cbd8"
dependencies = [
 "rustix",
 "windows-link",
]

[[package]]
name = "half"
version = "2.7.1"
source = "registry+https://github.com/rust-lang/crates.io-index"
checksum = "6ea2d84b969582b4b1864a92dc5d27cd2b77b622a8d79306834f1be5ba20d84b"
dependencies = [
 "cfg-if",
 "crunchy",
 "zerocopy",
]

[[package]]
name = "hashbrown"
version = "0.17.1"
source = "registry+https://github.com/rust-lang/crates.io-index"
checksum = "ed5909b6e89a2db4456e54cd5f673791d7eca6732202bbf2a9cc504fe2f9b84a"

[[package]]
name = "heck"
version = "0.5.0"
source = "registry+https://github.com/rust-lang/crates.io-index"
checksum = "2304e00983f87ffb38b55b444b5e3b60a884b5d30c0fca7d82fe33449bbe55ea"

[[package]]
name = "image"
version = "0.25.10"
source = "registry+https://github.com/rust-lang/crates.io-index"
checksum = "85ab80394333c02fe689eaf900ab500fbd0c2213da414687ebf995a65d5a6104"
dependencies = [
 "bytemuck",
 "byteorder-lite",
 "moxcms",
 "num-traits",
 "png",
 "tiff",
]

[[package]]
name = "include_dir"
version = "0.7.4"
source = "registry+https://github.com/rust-lang/crates.io-index"
checksum = "923d117408f1e49d914f1a379a309cffe4f18c05cf4e3d12e613a15fc81bd0dd"
dependencies = [
 "include_dir_macros",
]

[[package]]
name = "include_dir_macros"
version = "0.7.4"
source = "registry+https://github.com/rust-lang/crates.io-index"
checksum = "7cab85a7ed0bd5f0e76d93846e0147172bed2e2d3f859bcc33a8d9699cad1a75"
dependencies = [
 "proc-macro2",
 "quote",
]

[[package]]
name = "indexmap"
version = "2.14.1"
source = "registry+https://github.com/rust-lang/crates.io-index"
checksum = "07aa2048142242915a31d35844fb311e0e53fcca590c3a0a40dcf1b841fa09eb"
dependencies = [
 "equivalent",
 "hashbrown",
]

[[package]]
name = "intl-memoizer"
version = "0.5.3"
source = "registry+https://github.com/rust-lang/crates.io-index"
checksum = "310da2e345f5eb861e7a07ee182262e94975051db9e4223e909ba90f392f163f"
dependencies = [
 "type-map",
 "unic-langid",
]

[[package]]
name = "intl_pluralrules"
version = "7.0.2"
source = "registry+https://github.com/rust-lang/crates.io-index"
checksum = "078ea7b7c29a2b4df841a7f6ac8775ff6074020c6776d48491ce2268e068f972"
dependencies = [
 "unic-langid",
]

[[package]]
name = "itoa"
version = "1.0.18"
source = "registry+https://github.com/rust-lang/crates.io-index"
checksum = "8f42a60cbdf9a97f5d2305f08a87dc4e09308d1276d28c869c684d7777685682"

[[package]]
name = "kprm"
version = "3.0.0"
dependencies = [
 "arboard",
 "clap",
 "embed-resource",
 "kprm-catalog",
 "kprm-engine",
 "kprm-i18n",
 "kprm-win32gui",
 "kprm-windows",
 "windows",
]

[[package]]
name = "kprm-catalog"
version = "3.0.0"
dependencies = [
 "include_dir",
 "regex",
 "serde",
 "thiserror",
 "toml 0.8.23",
]

[[package]]
name = "kprm-engine"
version = "3.0.0"
dependencies = [
 "kprm-catalog",
 "regex",
 "serde",
 "serde_json",
 "thiserror",
]

[[package]]
name = "kprm-i18n"
version = "3.0.0"
dependencies = [
 "fluent-bundle",
 "include_dir",
 "thiserror",
 "unic-langid",
]

[[package]]
name = "kprm-win32gui"
version = "3.0.0"
dependencies = [
 "windows",
]

[[package]]
name = "kprm-windows"
version = "3.0.0"
dependencies = [
 "kprm-catalog",
 "kprm-engine",
 "pelite",
 "windows",
 "winreg 0.52.0",
]

[[package]]
name = "libc"
version = "0.2.189"
source = "registry+https://github.com/rust-lang/crates.io-index"
checksum = "3eaf3ede3fee6db1a4c2ee091bf8a8b4dccdc6d17f656fb07896ee72867612f2"

[[package]]
name = "linux-raw-sys"
version = "0.12.1"
source = "registry+https://github.com/rust-lang/crates.io-index"
checksum = "32a66949e030da00e8c7d4434b251670a91556f4144941d37452769c25d58a53"

[[package]]
name = "lock_api"
version = "0.4.14"
source = "registry+https://github.com/rust-lang/crates.io-index"
checksum = "224399e74b87b5f3557511d98dff8b14089b3dadafcab6bb93eab67d3aace965"
dependencies = [
 "scopeguard",
]

[[package]]
name = "log"
version = "0.4.34"
source = "registry+https://github.com/rust-lang/crates.io-index"
checksum = "f9f8bd3e56ce4dfc153cf470fffbfa98c7620958b312ca5c3a4b8d5181fd13c6"

[[package]]
name = "memchr"
version = "2.8.3"
source = "registry+https://github.com/rust-lang/crates.io-index"
checksum = "cf8baf1c55e62ffcace7a9f06f4bd9cd3f0c4beb022d3b367256b91b87513d98"

[[package]]
name = "miniz_oxide"
version = "0.8.9"
source = "registry+https://github.com/rust-lang/crates.io-index"
checksum = "1fa76a2c86f704bdb222d66965fb3d63269ce38518b83cb0575fca855ebb6316"
dependencies = [
 "adler2",
 "simd-adler32",
]

[[package]]
name = "miniz_oxide"
version = "0.9.1"
source = "registry+https://github.com/rust-lang/crates.io-index"
checksum = "b63fbc4a50860e98e7b2aa7804ded1db5cbc3aff9193adaff57a6931bf7c4b4c"
dependencies = [
 "adler2",
 "simd-adler32",
]

[[package]]
name = "moxcms"
version = "0.8.1"
source = "registry+https://github.com/rust-lang/crates.io-index"
checksum = "bb85c154ba489f01b25c0d36ae69a87e4a1c73a72631fc6c0eb6dde34a73e44b"
dependencies = [
 "num-traits",
 "pxfm",
]

[[package]]
name = "no-std-compat"
version = "0.4.1"
source = "registry+https://github.com/rust-lang/crates.io-index"
checksum = "b93853da6d84c2e3c7d730d6473e8817692dd89be387eb01b94d7f108ecb5b8c"

[[package]]
name = "num-traits"
version = "0.2.19"
source = "registry+https://github.com/rust-lang/crates.io-index"
checksum = "071dfc062690e90b734c0b2273ce72ad0ffa95f0c74596bc250dcfd960262841"
dependencies = [
 "autocfg",
]

[[package]]
name = "objc2"
version = "0.6.4"
source = "registry+https://github.com/rust-lang/crates.io-index"
checksum = "3a12a8ed07aefc768292f076dc3ac8c48f3781c8f2d5851dd3d98950e8c5a89f"
dependencies = [
 "objc2-encode",
]

[[package]]
name = "objc2-app-kit"
version = "0.3.2"
source = "registry+https://github.com/rust-lang/crates.io-index"
checksum = "d49e936b501e5c5bf01fda3a9452ff86dc3ea98ad5f283e1455153142d97518c"
dependencies = [
 "bitflags",
 "objc2",
 "objc2-core-graphics",
 "objc2-foundation",
]

[[package]]
name = "objc2-core-foundation"
version = "0.3.2"
source = "registry+https://github.com/rust-lang/crates.io-index"
checksum = "2a180dd8642fa45cdb7dd721cd4c11b1cadd4929ce112ebd8b9f5803cc79d536"
dependencies = [
 "bitflags",
 "dispatch2",
 "objc2",
]

[[package]]
name = "objc2-core-graphics"
version = "0.3.2"
source = "registry+https://github.com/rust-lang/crates.io-index"
checksum = "e022c9d066895efa1345f8e33e584b9f958da2fd4cd116792e15e07e4720a807"
dependencies = [
 "bitflags",
 "dispatch2",
 "objc2",
 "objc2-core-foundation",
 "objc2-io-surface",
]

[[package]]
name = "objc2-encode"
version = "4.1.0"
source = "registry+https://github.com/rust-lang/crates.io-index"
checksum = "ef25abbcd74fb2609453eb695bd2f860d389e457f67dc17cafc8b8cbc89d0c33"

[[package]]
name = "objc2-foundation"
version = "0.3.2"
source = "registry+https://github.com/rust-lang/crates.io-index"
checksum = "e3e0adef53c21f888deb4fa59fc59f7eb17404926ee8a6f59f5df0fd7f9f3272"
dependencies = [
 "bitflags",
 "objc2",
 "objc2-core-foundation",
]

[[package]]
name = "objc2-io-surface"
version = "0.3.2"
source = "registry+https://github.com/rust-lang/crates.io-index"
checksum = "180788110936d59bab6bd83b6060ffdfffb3b922ba1396b312ae795e1de9d81d"
dependencies = [
 "bitflags",
 "objc2",
 "objc2-core-foundation",
]

[[package]]
name = "parking_lot"
version = "0.12.5"
source = "registry+https://github.com/rust-lang/crates.io-index"
checksum = "93857453250e3077bd71ff98b6a65ea6621a19bb0f559a85248955ac12c45a1a"
dependencies = [
 "lock_api",
 "parking_lot_core",
]

[[package]]
name = "parking_lot_core"
version = "0.9.12"
source = "registry+https://github.com/rust-lang/crates.io-index"
checksum = "2621685985a2ebf1c516881c026032ac7deafcda1a2c9b7850dc81e3dfcb64c1"
dependencies = [
 "cfg-if",
 "libc",
 "redox_syscall",
 "smallvec",
 "windows-link",
]

[[package]]
name = "pelite"
version = "0.10.0"
source = "registry+https://github.com/rust-lang/crates.io-index"
checksum = "88dccf4bd32294364aeb7bd55d749604450e9db54605887551f21baea7617685"
dependencies = [
 "dataview",
 "libc",
 "no-std-compat",
 "pelite-macros",
 "winapi",
]

[[package]]
name = "pelite-macros"
version = "0.1.1"
source = "registry+https://github.com/rust-lang/crates.io-index"
checksum = "7a7cf3f8ecebb0f4895f4892a8be0a0dc81b498f9d56735cb769dc31bf00815b"

[[package]]
name = "percent-encoding"
version = "2.3.2"
source = "registry+https://github.com/rust-lang/crates.io-index"
checksum = "9b4f627cb1b25917193a259e49bdad08f671f8d9708acfd5fe0a8c1455d87220"

[[package]]
name = "png"
version = "0.18.1"
source = "registry+https://github.com/rust-lang/crates.io-index"
checksum = "60769b8b31b2a9f263dae2776c37b1b28ae246943cf719eb6946a1db05128a61"
dependencies = [
 "bitflags",
 "crc32fast",
 "fdeflate",
 "flate2",
 "miniz_oxide 0.8.9",
]

[[package]]
name = "proc-macro2"
version = "1.0.107"
source = "registry+https://github.com/rust-lang/crates.io-index"
checksum = "985e7ec9bb745e6ce6535b544d84d6cd6f7ad8bd711c398938ae983b91a766d9"
dependencies = [
 "unicode-ident",
]

[[package]]
name = "pxfm"
version = "0.1.30"
source = "registry+https://github.com/rust-lang/crates.io-index"
checksum = "d55d956fa96f5ec02be2e13af0e20391a5aa83d6a074e3ad368959d0fab299ea"

[[package]]
name = "quick-error"
version = "2.0.1"
source = "registry+https://github.com/rust-lang/crates.io-index"
checksum = "a993555f31e5a609f617c12db6250dedcac1b0a85076912c436e6fc9b2c8e6a3"

[[package]]
name = "quote"
version = "1.0.47"
source = "registry+https://github.com/rust-lang/crates.io-index"
checksum = "1fbf4db142a473a8d80c26bbf18454ed458bf8d26c8219c331daecfdbd079001"
dependencies = [
 "proc-macro2",
]

[[package]]
name = "redox_syscall"
version = "0.5.18"
source = "registry+https://github.com/rust-lang/crates.io-index"
checksum = "ed2bf2547551a7053d6fdfafda3f938979645c44812fbfcda098faae3f1a362d"
dependencies = [
 "bitflags",
]

[[package]]
name = "regex"
version = "1.13.1"
source = "registry+https://github.com/rust-lang/crates.io-index"
checksum = "f020237b6c8eed93db2e2cb53c00c60a8e1bc73da7d073199a1180401450218d"
dependencies = [
 "aho-corasick",
 "memchr",
 "regex-automata",
 "regex-syntax",
]

[[package]]
name = "regex-automata"
version = "0.4.18"
source = "registry+https://github.com/rust-lang/crates.io-index"
checksum = "ad8553b9b26413251cbf30e620595c7a41b3887f03da04579c0e6b0d6a06b4b2"
dependencies = [
 "aho-corasick",
 "memchr",
 "regex-syntax",
]

[[package]]
name = "regex-syntax"
version = "0.8.11"
source = "registry+https://github.com/rust-lang/crates.io-index"
checksum = "d6f6ff9a378485b298a5286656da665ba74413d36db0979633275d2e708145d4"

[[package]]
name = "rustc-hash"
version = "1.1.0"
source = "registry+https://github.com/rust-lang/crates.io-index"
checksum = "08d43f7aa6b08d49f382cde6a7982047c3426db949b1424bc4b7ec9ae12c6ce2"

[[package]]
name = "rustc-hash"
version = "2.1.3"
source = "registry+https://github.com/rust-lang/crates.io-index"
checksum = "6b1e7f9a428571be2dc5bc0505c13fb6bf936822b894ec87abf8a08a4e51742d"

[[package]]
name = "rustc_version"
version = "0.4.1"
source = "registry+https://github.com/rust-lang/crates.io-index"
checksum = "cfcb3a22ef46e85b45de6ee7e79d063319ebb6594faafcf1c225ea92ab6e9b92"
dependencies = [
 "semver",
]

[[package]]
name = "rustix"
version = "1.1.4"
source = "registry+https://github.com/rust-lang/crates.io-index"
checksum = "b6fe4565b9518b83ef4f91bb47ce29620ca828bd32cb7e408f0062e9930ba190"
dependencies = [
 "bitflags",
 "errno",
 "libc",
 "linux-raw-sys",
 "windows-sys 0.61.2",
]

[[package]]
name = "scopeguard"
version = "1.2.0"
source = "registry+https://github.com/rust-lang/crates.io-index"
checksum = "94143f37725109f92c262ed2cf5e59bce7498c01bcc1502d7b9afe439a4e9f49"

[[package]]
name = "self_cell"
version = "0.10.3"
source = "registry+https://github.com/rust-lang/crates.io-index"
checksum = "e14e4d63b804dc0c7ec4a1e52bcb63f02c7ac94476755aa579edac21e01f915d"
dependencies = [
 "self_cell 1.3.0",
]

[[package]]
name = "self_cell"
version = "1.3.0"
source = "registry+https://github.com/rust-lang/crates.io-index"
checksum = "2ab42ca02749e120097e328d91d415325bdf43b1c72c4c8badf37375fe40a813"

[[package]]
name = "semver"
version = "1.0.28"
source = "registry+https://github.com/rust-lang/crates.io-index"
checksum = "8a7852d02fc848982e0c167ef163aaff9cd91dc640ba85e263cb1ce46fae51cd"

[[package]]
name = "serde"
version = "1.0.229"
source = "registry+https://github.com/rust-lang/crates.io-index"
checksum = "4148590afebada386688f18773da617792bf2ef03ffc1e4cbd2b1d45b023e0ba"
dependencies = [
 "serde_core",
 "serde_derive",
]

[[package]]
name = "serde_core"
version = "1.0.229"
source = "registry+https://github.com/rust-lang/crates.io-index"
checksum = "67dca2c9c51e58a4791a4b1ed58308b39c64224d349a935ab5039aa360942a48"
dependencies = [
 "serde_derive",
]

[[package]]
name = "serde_derive"
version = "1.0.229"
source = "registry+https://github.com/rust-lang/crates.io-index"
checksum = "e7a5d71263a5a7d47b41f6b3f06ba276f10cc18b0931f1799f710578e2309348"
dependencies = [
 "proc-macro2",
 "quote",
 "syn 3.0.4",
]

[[package]]
name = "serde_json"
version = "1.0.151"
source = "registry+https://github.com/rust-lang/crates.io-index"
checksum = "c841b55ecdae098c80dcae9cf767f6f8a0c2cdb3416bbef72181df4d0fe73f14"
dependencies = [
 "itoa",
 "memchr",
 "serde",
 "serde_core",
 "zmij",
]

[[package]]
name = "serde_spanned"
version = "0.6.9"
source = "registry+https://github.com/rust-lang/crates.io-index"
checksum = "bf41e0cfaf7226dca15e8197172c295a782857fcb97fad1808a166870dee75a3"
dependencies = [
 "serde",
]

[[package]]
name = "serde_spanned"
version = "1.1.1"
source = "registry+https://github.com/rust-lang/crates.io-index"
checksum = "6662b5879511e06e8999a8a235d848113e942c9124f211511b16466ee2995f26"
dependencies = [
 "serde_core",
]

[[package]]
name = "shlex"
version = "2.0.1"
source = "registry+https://github.com/rust-lang/crates.io-index"
checksum = "f8fadd59c855ef2080decdef8ff161eb6661b86933c9d82e5ba29dc602a55aba"

[[package]]
name = "simd-adler32"
version = "0.3.10"
source = "registry+https://github.com/rust-lang/crates.io-index"
checksum = "3a219298ac11a56ea9a6d2120044824d6f01aeb034955e7af7bc16858527deea"

[[package]]
name = "smallvec"
version = "1.16.0"
source = "registry+https://github.com/rust-lang/crates.io-index"
checksum = "b9be42f50aa861c555654aa3a37f52f4b1074bacf4e48fe0ef7fa584e80f1f0f"

[[package]]
name = "syn"
version = "2.0.119"
source = "registry+https://github.com/rust-lang/crates.io-index"
checksum = "872831b642d1a07999a962a351ed35b955ea2cfc8f3862091e2a240a84f17297"
dependencies = [
 "proc-macro2",
 "quote",
 "unicode-ident",
]

[[package]]
name = "syn"
version = "3.0.4"
source = "registry+https://github.com/rust-lang/crates.io-index"
checksum = "e6275cddf4610d1775e6d1fe9469b2e77d0f39fd98fb7450901b821e0c53649f"
dependencies = [
 "proc-macro2",
 "quote",
 "unicode-ident",
]

[[package]]
name = "thiserror"
version = "1.0.69"
source = "registry+https://github.com/rust-lang/crates.io-index"
checksum = "b6aaf5339b578ea85b50e080feb250a3e8ae8cfcdff9a461c9ec2904bc923f52"
dependencies = [
 "thiserror-impl",
]

[[package]]
name = "thiserror-impl"
version = "1.0.69"
source = "registry+https://github.com/rust-lang/crates.io-index"
checksum = "4fee6c4efc90059e10f81e6d42c60a18f76588c3d74cb83a0b242a2b6c7504c1"
dependencies = [
 "proc-macro2",
 "quote",
 "syn 2.0.119",
]

[[package]]
name = "tiff"
version = "0.11.3"
source = "registry+https://github.com/rust-lang/crates.io-index"
checksum = "b63feaf3343d35b6ca4d50483f94843803b0f51634937cc2ec519fc32232bc52"
dependencies = [
 "fax",
 "flate2",
 "half",
 "quick-error",
 "weezl",
 "zune-jpeg",
]

[[package]]
name = "tinystr"
version = "0.8.4"
source = "registry+https://github.com/rust-lang/crates.io-index"
checksum = "b1e27c91459209c2986af3dcf603a5a74a4368754ce37414f59acc971167f643"
dependencies = [
 "displaydoc",
 "serde_core",
 "zerovec",
]

[[package]]
name = "toml"
version = "0.8.23"
source = "registry+https://github.com/rust-lang/crates.io-index"
checksum = "dc1beb996b9d83529a9e75c17a1686767d148d70663143c7854d8b4a09ced362"
dependencies = [
 "serde",
 "serde_spanned 0.6.9",
 "toml_datetime 0.6.11",
 "toml_edit",
]

[[package]]
name = "toml"
version = "1.1.5+spec-1.1.0"
source = "registry+https://github.com/rust-lang/crates.io-index"
checksum = "12c0ba9680044b4ce98d391a62094047eada0d64860b80166c39f4a6b5640785"
dependencies = [
 "indexmap",
 "serde_core",
 "serde_spanned 1.1.1",
 "toml_datetime 1.1.1+spec-1.1.0",
 "toml_parser",
 "toml_writer",
 "winnow 1.0.4",
]

[[package]]
name = "toml_datetime"
version = "0.6.11"
source = "registry+https://github.com/rust-lang/crates.io-index"
checksum = "22cddaf88f4fbc13c51aebbf5f8eceb5c7c5a9da2ac40a13519eb5b0a0e8f11c"
dependencies = [
 "serde",
]

[[package]]
name = "toml_datetime"
version = "1.1.1+spec-1.1.0"
source = "registry+https://github.com/rust-lang/crates.io-index"
checksum = "3165f65f62e28e0115a00b2ebdd37eb6f3b641855f9d636d3cd4103767159ad7"
dependencies = [
 "serde_core",
]

[[package]]
name = "toml_edit"
version = "0.22.27"
source = "registry+https://github.com/rust-lang/crates.io-index"
checksum = "41fe8c660ae4257887cf66394862d21dbca4a6ddd26f04a3560410406a2f819a"
dependencies = [
 "indexmap",
 "serde",
 "serde_spanned 0.6.9",
 "toml_datetime 0.6.11",
 "toml_write",
 "winnow 0.7.15",
]

[[package]]
name = "toml_parser"
version = "1.1.3+spec-1.1.0"
source = "registry+https://github.com/rust-lang/crates.io-index"
checksum = "1d38ac1cf9b95face32296c0a3ede1fdc270627c9d9c02a7274dd6d960dc4d56"
dependencies = [
 "winnow 1.0.4",
]

[[package]]
name = "toml_write"
version = "0.1.2"
source = "registry+https://github.com/rust-lang/crates.io-index"
checksum = "5d99f8c9a7727884afe522e9bd5edbfc91a3312b36a77b5fb8926e4c31a41801"

[[package]]
name = "toml_writer"
version = "1.1.2+spec-1.1.0"
source = "registry+https://github.com/rust-lang/crates.io-index"
checksum = "7d56353a2a665ad0f41a421187180aab746c8c325620617ad883a99a1cbe66d2"

[[package]]
name = "type-map"
version = "0.5.1"
source = "registry+https://github.com/rust-lang/crates.io-index"
checksum = "cb30dbbd9036155e74adad6812e9898d03ec374946234fbcebd5dfc7b9187b90"
dependencies = [
 "rustc-hash 2.1.3",
]

[[package]]
name = "unic-langid"
version = "0.9.6"
source = "registry+https://github.com/rust-lang/crates.io-index"
checksum = "a28ba52c9b05311f4f6e62d5d9d46f094bd6e84cb8df7b3ef952748d752a7d05"
dependencies = [
 "unic-langid-impl",
]

[[package]]
name = "unic-langid-impl"
version = "0.9.6"
source = "registry+https://github.com/rust-lang/crates.io-index"
checksum = "dce1bf08044d4b7a94028c93786f8566047edc11110595914de93362559bc658"
dependencies = [
 "tinystr",
]

[[package]]
name = "unicode-ident"
version = "1.0.24"
source = "registry+https://github.com/rust-lang/crates.io-index"
checksum = "e6e4313cd5fcd3dad5cafa179702e2b244f760991f45397d14d4ebf38247da75"

[[package]]
name = "vswhom"
version = "0.1.0"
source = "registry+https://github.com/rust-lang/crates.io-index"
checksum = "be979b7f07507105799e854203b470ff7c78a1639e330a58f183b5fea574608b"
dependencies = [
 "libc",
 "vswhom-sys",
]

[[package]]
name = "vswhom-sys"
version = "0.1.3"
source = "registry+https://github.com/rust-lang/crates.io-index"
checksum = "fb067e4cbd1ff067d1df46c9194b5de0e98efd2810bbc95c5d5e5f25a3231150"
dependencies = [
 "cc",
 "libc",
]

[[package]]
name = "weezl"
version = "0.1.12"
source = "registry+https://github.com/rust-lang/crates.io-index"
checksum = "a28ac98ddc8b9274cb41bb4d9d4d5c425b6020c50c46f25559911905610b4a88"

[[package]]
name = "winapi"
version = "0.3.9"
source = "registry+https://github.com/rust-lang/crates.io-index"
checksum = "5c839a674fcd7a98952e593242ea400abe93992746761e38641405d28b00f419"
dependencies = [
 "winapi-i686-pc-windows-gnu",
 "winapi-x86_64-pc-windows-gnu",
]

[[package]]
name = "winapi-i686-pc-windows-gnu"
version = "0.4.0"
source = "registry+https://github.com/rust-lang/crates.io-index"
checksum = "ac3b87c63620426dd9b991e5ce0329eff545bccbbb34f3be09ff6fb6ab51b7b6"

[[package]]
name = "winapi-x86_64-pc-windows-gnu"
version = "0.4.0"
source = "registry+https://github.com/rust-lang/crates.io-index"
checksum = "712e227841d057c1ee1cd2fb22fa7e5a5461ae8e48fa2ca79ec42cfc1931183f"

[[package]]
name = "windows"
version = "0.58.0"
source = "registry+https://github.com/rust-lang/crates.io-index"
checksum = "dd04d41d93c4992d421894c18c8b43496aa748dd4c081bac0dc93eb0489272b6"
dependencies = [
 "windows-core",
 "windows-targets 0.52.6",
]

[[package]]
name = "windows-core"
version = "0.58.0"
source = "registry+https://github.com/rust-lang/crates.io-index"
checksum = "6ba6d44ec8c2591c134257ce647b7ea6b20335bf6379a27dac5f1641fcf59f99"
dependencies = [
 "windows-implement",
 "windows-interface",
 "windows-result",
 "windows-strings",
 "windows-targets 0.52.6",
]

[[package]]
name = "windows-implement"
version = "0.58.0"
source = "registry+https://github.com/rust-lang/crates.io-index"
checksum = "2bbd5b46c938e506ecbce286b6628a02171d56153ba733b6c741fc627ec9579b"
dependencies = [
 "proc-macro2",
 "quote",
 "syn 2.0.119",
]

[[package]]
name = "windows-interface"
version = "0.58.0"
source = "registry+https://github.com/rust-lang/crates.io-index"
checksum = "053c4c462dc91d3b1504c6fe5a726dd15e216ba718e84a0e46a88fbe5ded3515"
dependencies = [
 "proc-macro2",
 "quote",
 "syn 2.0.119",
]

[[package]]
name = "windows-link"
version = "0.2.1"
source = "registry+https://github.com/rust-lang/crates.io-index"
checksum = "f0805222e57f7521d6a62e36fa9163bc891acd422f971defe97d64e70d0a4fe5"

[[package]]
name = "windows-result"
version = "0.2.0"
source = "registry+https://github.com/rust-lang/crates.io-index"
checksum = "1d1043d8214f791817bab27572aaa8af63732e11bf84aa21a45a78d6c317ae0e"
dependencies = [
 "windows-targets 0.52.6",
]

[[package]]
name = "windows-strings"
version = "0.1.0"
source = "registry+https://github.com/rust-lang/crates.io-index"
checksum = "4cd9b125c486025df0eabcb585e62173c6c9eddcec5d117d3b6e8c30e2ee4d10"
dependencies = [
 "windows-result",
 "windows-targets 0.52.6",
]

[[package]]
name = "windows-sys"
version = "0.48.0"
source = "registry+https://github.com/rust-lang/crates.io-index"
checksum = "677d2418bec65e3338edb076e806bc1ec15693c5d0104683f2efe857f61056a9"
dependencies = [
 "windows-targets 0.48.5",
]

[[package]]
name = "windows-sys"
version = "0.59.0"
source = "registry+https://github.com/rust-lang/crates.io-index"
checksum = "1e38bc4d79ed67fd075bcc251a1c39b32a1776bbe92e5bef1f0bf1f8c531853b"
dependencies = [
 "windows-targets 0.52.6",
]

[[package]]
name = "windows-sys"
version = "0.61.2"
source = "registry+https://github.com/rust-lang/crates.io-index"
checksum = "ae137229bcbd6cdf0f7b80a31df61766145077ddf49416a728b02cb3921ff3fc"
dependencies = [
 "windows-link",
]

[[package]]
name = "windows-targets"
version = "0.48.5"
source = "registry+https://github.com/rust-lang/crates.io-index"
checksum = "9a2fa6e2155d7247be68c096456083145c183cbbbc2764150dda45a87197940c"
dependencies = [
 "windows_aarch64_gnullvm 0.48.5",
 "windows_aarch64_msvc 0.48.5",
 "windows_i686_gnu 0.48.5",
 "windows_i686_msvc 0.48.5",
 "windows_x86_64_gnu 0.48.5",
 "windows_x86_64_gnullvm 0.48.5",
 "windows_x86_64_msvc 0.48.5",
]

[[package]]
name = "windows-targets"
version = "0.52.6"
source = "registry+https://github.com/rust-lang/crates.io-index"
checksum = "9b724f72796e036ab90c1021d4780d4d3d648aca59e491e6b98e725b84e99973"
dependencies = [
 "windows_aarch64_gnullvm 0.52.6",
 "windows_aarch64_msvc 0.52.6",
 "windows_i686_gnu 0.52.6",
 "windows_i686_gnullvm",
 "windows_i686_msvc 0.52.6",
 "windows_x86_64_gnu 0.52.6",
 "windows_x86_64_gnullvm 0.52.6",
 "windows_x86_64_msvc 0.52.6",
]

[[package]]
name = "windows_aarch64_gnullvm"
version = "0.48.5"
source = "registry+https://github.com/rust-lang/crates.io-index"
checksum = "2b38e32f0abccf9987a4e3079dfb67dcd799fb61361e53e2882c3cbaf0d905d8"

[[package]]
name = "windows_aarch64_gnullvm"
version = "0.52.6"
source = "registry+https://github.com/rust-lang/crates.io-index"
checksum = "32a4622180e7a0ec044bb555404c800bc9fd9ec262ec147edd5989ccd0c02cd3"

[[package]]
name = "windows_aarch64_msvc"
version = "0.48.5"
source = "registry+https://github.com/rust-lang/crates.io-index"
checksum = "dc35310971f3b2dbbf3f0690a219f40e2d9afcf64f9ab7cc1be722937c26b4bc"

[[package]]
name = "windows_aarch64_msvc"
version = "0.52.6"
source = "registry+https://github.com/rust-lang/crates.io-index"
checksum = "09ec2a7bb152e2252b53fa7803150007879548bc709c039df7627cabbd05d469"

[[package]]
name = "windows_i686_gnu"
version = "0.48.5"
source = "registry+https://github.com/rust-lang/crates.io-index"
checksum = "a75915e7def60c94dcef72200b9a8e58e5091744960da64ec734a6c6e9b3743e"

[[package]]
name = "windows_i686_gnu"
version = "0.52.6"
source = "registry+https://github.com/rust-lang/crates.io-index"
checksum = "8e9b5ad5ab802e97eb8e295ac6720e509ee4c243f69d781394014ebfe8bbfa0b"

[[package]]
name = "windows_i686_gnullvm"
version = "0.52.6"
source = "registry+https://github.com/rust-lang/crates.io-index"
checksum = "0eee52d38c090b3caa76c563b86c3a4bd71ef1a819287c19d586d7334ae8ed66"

[[package]]
name = "windows_i686_msvc"
version = "0.48.5"
source = "registry+https://github.com/rust-lang/crates.io-index"
checksum = "8f55c233f70c4b27f66c523580f78f1004e8b5a8b659e05a4eb49d4166cca406"

[[package]]
name = "windows_i686_msvc"
version = "0.52.6"
source = "registry+https://github.com/rust-lang/crates.io-index"
checksum = "240948bc05c5e7c6dabba28bf89d89ffce3e303022809e73deaefe4f6ec56c66"

[[package]]
name = "windows_x86_64_gnu"
version = "0.48.5"
source = "registry+https://github.com/rust-lang/crates.io-index"
checksum = "53d40abd2583d23e4718fddf1ebec84dbff8381c07cae67ff7768bbf19c6718e"

[[package]]
name = "windows_x86_64_gnu"
version = "0.52.6"
source = "registry+https://github.com/rust-lang/crates.io-index"
checksum = "147a5c80aabfbf0c7d901cb5895d1de30ef2907eb21fbbab29ca94c5b08b1a78"

[[package]]
name = "windows_x86_64_gnullvm"
version = "0.48.5"
source = "registry+https://github.com/rust-lang/crates.io-index"
checksum = "0b7b52767868a23d5bab768e390dc5f5c55825b6d30b86c844ff2dc7414044cc"

[[package]]
name = "windows_x86_64_gnullvm"
version = "0.52.6"
source = "registry+https://github.com/rust-lang/crates.io-index"
checksum = "24d5b23dc417412679681396f2b49f3de8c1473deb516bd34410872eff51ed0d"

[[package]]
name = "windows_x86_64_msvc"
version = "0.48.5"
source = "registry+https://github.com/rust-lang/crates.io-index"
checksum = "ed94fce61571a4006852b7389a063ab983c02eb1bb37b47f8272ce92d06d9538"

[[package]]
name = "windows_x86_64_msvc"
version = "0.52.6"
source = "registry+https://github.com/rust-lang/crates.io-index"
checksum = "589f6da84c646204747d1270a2a5661ea66ed1cced2631d546fdfb155959f9ec"

[[package]]
name = "winnow"
version = "0.7.15"
source = "registry+https://github.com/rust-lang/crates.io-index"
checksum = "df79d97927682d2fd8adb29682d1140b343be4ac0f08fd68b7765d9c059d3945"
dependencies = [
 "memchr",
]

[[package]]
name = "winnow"
version = "1.0.4"
source = "registry+https://github.com/rust-lang/crates.io-index"
checksum = "23b97319f7b8343df12cc98938e5c3eb436064524c8d2b4e30a1d3a36eecdf81"

[[package]]
name = "winreg"
version = "0.52.0"
source = "registry+https://github.com/rust-lang/crates.io-index"
checksum = "a277a57398d4bfa075df44f501a17cfdf8542d224f0d36095a2adc7aee4ef0a5"
dependencies = [
 "cfg-if",
 "windows-sys 0.48.0",
]

[[package]]
name = "winreg"
version = "0.55.0"
source = "registry+https://github.com/rust-lang/crates.io-index"
checksum = "cb5a765337c50e9ec252c2069be9bf91c7df47afb103b642ba3a53bf8101be97"
dependencies = [
 "cfg-if",
 "windows-sys 0.59.0",
]

[[package]]
name = "x11rb"
version = "0.13.2"
source = "registry+https://github.com/rust-lang/crates.io-index"
checksum = "9993aa5be5a26815fe2c3eacfc1fde061fc1a1f094bf1ad2a18bf9c495dd7414"
dependencies = [
 "gethostname",
 "rustix",
 "x11rb-protocol",
]

[[package]]
name = "x11rb-protocol"
version = "0.13.2"
source = "registry+https://github.com/rust-lang/crates.io-index"
checksum = "ea6fc2961e4ef194dcbfe56bb845534d0dc8098940c7e5c012a258bfec6701bd"

[[package]]
name = "zerocopy"
version = "0.8.56"
source = "registry+https://github.com/rust-lang/crates.io-index"
checksum = "556764e583adb45a9f8d413c2a147fa7e8d821e48e12b14fd560b607998b75eb"
dependencies = [
 "zerocopy-derive",
]

[[package]]
name = "zerocopy-derive"
version = "0.8.56"
source = "registry+https://github.com/rust-lang/crates.io-index"
checksum = "f2ab42fc20575779bd240faa45f94a74256f755c0fa9e89f0ede20d91d0cdfc1"
dependencies = [
 "proc-macro2",
 "quote",
 "syn 2.0.119",
]

[[package]]
name = "zerofrom"
version = "0.1.8"
source = "registry+https://github.com/rust-lang/crates.io-index"
checksum = "0ec05a11813ea801ff6d75110ad09cd0824ddba17dfe17128ea0d5f68e6c5272"

[[package]]
name = "zerovec"
version = "0.11.8"
source = "registry+https://github.com/rust-lang/crates.io-index"
checksum = "bb0464e17806c1d976d5cba29399c7f08e516e279e2ba493f63123b5fca67dd8"
dependencies = [
 "serde",
 "zerofrom",
]

[[package]]
name = "zlib-rs"
version = "0.6.7"
source = "registry+https://github.com/rust-lang/crates.io-index"
checksum = "34b31d188d9d685a4f9c7b46d6e36631b07058d2cfe190267adce54dc230bf12"

[[package]]
name = "zmij"
version = "1.0.23"
source = "registry+https://github.com/rust-lang/crates.io-index"
checksum = "29666d0abbfad1e3dc4dcf6144730dd3a3ab225bbbdac83319345b1b44ccfc1b"

[[package]]
name = "zune-core"
version = "0.5.3"
source = "registry+https://github.com/rust-lang/crates.io-index"
checksum = "d56377fd46368984a170bc5aac5567e52ca5da874caa60bea39fcbca78fb658b"

[[package]]
name = "zune-jpeg"
version = "0.5.15"
source = "registry+https://github.com/rust-lang/crates.io-index"
checksum = "27bc9d5b815bc103f142aa054f561d9187d191692ec7c2d1e2b4737f8dbd7296"
dependencies = [
 "zune-core",
]
